
Microsoft Visual Studio Solution File, Format Version 12.00
# Visual Studio Version 17
VisualStudioVersion = 17.0.31903.59
MinimumVisualStudioVersion = 10.0.40219.1
Project("{2150E333-8FDC-42A3-9474-1A3956D46DE8}") = "src", "src", "{827E0CD3-B72D-47B6-A68D-7590B98EB39B}"
EndProject
Project("{FAE04EC0-301F-11D3-BF4B-00C04F79EFBC}") = "FundingPlatform.Api", "src\FundingPlatform.Api\FundingPlatform.Api.csproj", "{CCC4F69F-F067-441A-BAC5-CAACB8A93C7C}"
EndProject
Project("{FAE04EC0-301F-11D3-BF4B-00C04F79EFBC}") = "FundingPlatform.Application", "src\FundingPlatform.Application\FundingPlatform.Application.csproj", "{96772120-FC26-4C30-A167-064FA1641FED}"
EndProject
Project("{FAE04EC0-301F-11D3-BF4B-00C04F79EFBC}") = "FundingPlatform.Contracts", "src\FundingPlatform.Contracts\FundingPlatform.Contracts.csproj", "{5D349477-111F-4E7B-8D31-F8A66ABA7FE9}"
EndProject
Project("{FAE04EC0-301F-11D3-BF4B-00C04F79EFBC}") = "FundingPlatform.Core", "src\FundingPlatform.Core\FundingPlatform.Core.csproj", "{44DD2D98-0F0F-4009-AA17-90302D09BED5}"
EndProject
Project("{FAE04EC0-301F-11D3-BF4B-00C04F79EFBC}") = "FundingPlatform.Infrastructure", "src\FundingPlatform.Infrastructure\FundingPlatform.Infrastructure.csproj", "{A75DFA3C-97CE-4646-AAA7-9F711C8DE240}"
EndProject
Project("{FAE04EC0-301F-11D3-BF4B-00C04F79EFBC}") = "FundingPlatform.Workers", "src\FundingPlatform.Workers\FundingPlatform.Workers.csproj", "{38A38CDF-16D1-400F-A50A-4AD0FF50FD15}"
EndProject
Project("{FAE04EC0-301F-11D3-BF4B-00C04F79EFBC}") = "FundingPlatform.ExtractionWorkers", "src\FundingPlatform.ExtractionWorkers\FundingPlatform.ExtractionWorkers.csproj", "{6B7F8A35-EC23-4D6B-B95A-1B96F5028C44}"
EndProject
Project("{2150E333-8FDC-42A3-9474-1A3956D46DE8}") = "tests", "tests", "{0AB3BF05-4346-4AA6-1389-037BE0695223}"
EndProject
Project("{FAE04EC0-301F-11D3-BF4B-00C04F79EFBC}") = "FundingPlatform.UnitTests", "tests\FundingPlatform.UnitTests\FundingPlatform.UnitTests.csproj", "{5A7B39EC-D1E6-4808-96F0-9F4A1406982C}"
EndProject
Project("{FAE04EC0-301F-11D3-BF4B-00C04F79EFBC}") = "FundingPlatform.IntegrationTests", "tests\FundingPlatform.IntegrationTests\FundingPlatform.IntegrationTests.csproj", "{2A29CB17-952B-47F7-9206-8595ADEC8D35}"
EndProject
Project("{2150E333-8FDC-42A3-9474-1A3956D46DE8}") = "tools", "tools", "{07C2787E-EAC7-C090-1BA3-A61EC2A24D84}"
EndProject
Project("{FAE04EC0-301F-11D3-BF4B-00C04F79EFBC}") = "FundingPlatform.DatabaseMigrator", "tools\FundingPlatform.DatabaseMigrator\FundingPlatform.DatabaseMigrator.csproj", "{E58F8DDC-7DF6-4570-B1EF-0E687FBC6F2E}"
EndProject
Project("{FAE04EC0-301F-11D3-BF4B-00C04F79EFBC}") = "FundingPlatform.AdminCli", "tools\FundingPlatform.AdminCli\FundingPlatform.AdminCli.csproj", "{01B45245-BDB7-4FCE-A98F-7EFACAE3CDC8}"
EndProject
Global
	GlobalSection(SolutionConfigurationPlatforms) = preSolution
		Debug|Any CPU = Debug|Any CPU
		Debug|x64 = Debug|x64
		Debug|x86 = Debug|x86
		Release|Any CPU = Release|Any CPU
		Release|x64 = Release|x64
		Release|x86 = Release|x86
	EndGlobalSection
	GlobalSection(ProjectConfigurationPlatforms) = postSolution
		{CCC4F69F-F067-441A-BAC5-CAACB8A93C7C}.Debug|Any CPU.ActiveCfg = Debug|Any CPU
		{CCC4F69F-F067-441A-BAC5-CAACB8A93C7C}.Debug|Any CPU.Build.0 = Debug|Any CPU
		{CCC4F69F-F067-441A-BAC5-CAACB8A93C7C}.Debug|x64.ActiveCfg = Debug|Any CPU
		{CCC4F69F-F067-441A-BAC5-CAACB8A93C7C}.Debug|x64.Build.0 = Debug|Any CPU
		{CCC4F69F-F067-441A-BAC5-CAACB8A93C7C}.Debug|x86.ActiveCfg = Debug|Any CPU
		{CCC4F69F-F067-441A-BAC5-CAACB8A93C7C}.Debug|x86.Build.0 = Debug|Any CPU
		{CCC4F69F-F067-441A-BAC5-CAACB8A93C7C}.Release|Any CPU.ActiveCfg = Release|Any CPU
		{CCC4F69F-F067-441A-BAC5-CAACB8A93C7C}.Release|Any CPU.Build.0 = Release|Any CPU
		{CCC4F69F-F067-441A-BAC5-CAACB8A93C7C}.Release|x64.ActiveCfg = Release|Any CPU
		{CCC4F69F-F067-441A-BAC5-CAACB8A93C7C}.Release|x64.Build.0 = Release|Any CPU
		{CCC4F69F-F067-441A-BAC5-CAACB8A93C7C}.Release|x86.ActiveCfg = Release|Any CPU
		{CCC4F69F-F067-441A-BAC5-CAACB8A93C7C}.Release|x86.Build.0 = Release|Any CPU
		{96772120-FC26-4C30-A167-064FA1641FED}.Debug|Any CPU.ActiveCfg = Debug|Any CPU
		{96772120-FC26-4C30-A167-064FA1641FED}.Debug|Any CPU.Build.0 = Debug|Any CPU
		{96772120-FC26-4C30-A167-064FA1641FED}.Debug|x64.ActiveCfg = Debug|Any CPU
		{96772120-FC26-4C30-A167-064FA1641FED}.Debug|x64.Build.0 = Debug|Any CPU
		{96772120-FC26-4C30-A167-064FA1641FED}.Debug|x86.ActiveCfg = Debug|Any CPU
		{96772120-FC26-4C30-A167-064FA1641FED}.Debug|x86.Build.0 = Debug|Any CPU
		{96772120-FC26-4C30-A167-064FA1641FED}.Release|Any CPU.ActiveCfg = Release|Any CPU
		{96772120-FC26-4C30-A167-064FA1641FED}.Release|Any CPU.Build.0 = Release|Any CPU
		{96772120-FC26-4C30-A167-064FA1641FED}.Release|x64.ActiveCfg = Release|Any CPU
		{96772120-FC26-4C30-A167-064FA1641FED}.Release|x64.Build.0 = Release|Any CPU
		{96772120-FC26-4C30-A167-064FA1641FED}.Release|x86.ActiveCfg = Release|Any CPU
		{96772120-FC26-4C30-A167-064FA1641FED}.Release|x86.Build.0 = Release|Any CPU
		{5D349477-111F-4E7B-8D31-F8A66ABA7FE9}.Debug|Any CPU.ActiveCfg = Debug|Any CPU
		{5D349477-111F-4E7B-8D31-F8A66ABA7FE9}.Debug|Any CPU.Build.0 = Debug|Any CPU
		{5D349477-111F-4E7B-8D31-F8A66ABA7FE9}.Debug|x64.ActiveCfg = Debug|Any CPU
		{5D349477-111F-4E7B-8D31-F8A66ABA7FE9}.Debug|x64.Build.0 = Debug|Any CPU
		{5D349477-111F-4E7B-8D31-F8A66ABA7FE9}.Debug|x86.ActiveCfg = Debug|Any CPU
		{5D349477-111F-4E7B-8D31-F8A66ABA7FE9}.Debug|x86.Build.0 = Debug|Any CPU
		{5D349477-111F-4E7B-8D31-F8A66ABA7FE9}.Release|Any CPU.ActiveCfg = Release|Any CPU
		{5D349477-111F-4E7B-8D31-F8A66ABA7FE9}.Release|Any CPU.Build.0 = Release|Any CPU
		{5D349477-111F-4E7B-8D31-F8A66ABA7FE9}.Release|x64.ActiveCfg = Release|Any CPU
		{5D349477-111F-4E7B-8D31-F8A66ABA7FE9}.Release|x64.Build.0 = Release|Any CPU
		{5D349477-111F-4E7B-8D31-F8A66ABA7FE9}.Release|x86.ActiveCfg = Release|Any CPU
		{5D349477-111F-4E7B-8D31-F8A66ABA7FE9}.Release|x86.Build.0 = Release|Any CPU
		{44DD2D98-0F0F-4009-AA17-90302D09BED5}.Debug|Any CPU.ActiveCfg = Debug|Any CPU
		{44DD2D98-0F0F-4009-AA17-90302D09BED5}.Debug|Any CPU.Build.0 = Debug|Any CPU
		{44DD2D98-0F0F-4009-AA17-90302D09BED5}.Debug|x64.ActiveCfg = Debug|Any CPU
		{44DD2D98-0F0F-4009-AA17-90302D09BED5}.Debug|x64.Build.0 = Debug|Any CPU
		{44DD2D98-0F0F-4009-AA17-90302D09BED5}.Debug|x86.ActiveCfg = Debug|Any CPU
		{44DD2D98-0F0F-4009-AA17-90302D09BED5}.Debug|x86.Build.0 = Debug|Any CPU
		{44DD2D98-0F0F-4009-AA17-90302D09BED5}.Release|Any CPU.ActiveCfg = Release|Any CPU
		{44DD2D98-0F0F-4009-AA17-90302D09BED5}.Release|Any CPU.Build.0 = Release|Any CPU
		{44DD2D98-0F0F-4009-AA17-90302D09BED5}.Release|x64.ActiveCfg = Release|Any CPU
		{44DD2D98-0F0F-4009-AA17-90302D09BED5}.Release|x64.Build.0 = Release|Any CPU
		{44DD2D98-0F0F-4009-AA17-90302D09BED5}.Release|x86.ActiveCfg = Release|Any CPU
		{44DD2D98-0F0F-4009-AA17-90302D09BED5}.Release|x86.Build.0 = Release|Any CPU
		{A75DFA3C-97CE-4646-AAA7-9F711C8DE240}.Debug|Any CPU.ActiveCfg = Debug|Any CPU
		{A75DFA3C-97CE-4646-AAA7-9F711C8DE240}.Debug|Any CPU.Build.0 = Debug|Any CPU
		{A75DFA3C-97CE-4646-AAA7-9F711C8DE240}.Debug|x64.ActiveCfg = Debug|Any CPU
		{A75DFA3C-97CE-4646-AAA7-9F711C8DE240}.Debug|x64.Build.0 = Debug|Any CPU
		{A75DFA3C-97CE-4646-AAA7-9F711C8DE240}.Debug|x86.ActiveCfg = Debug|Any CPU
		{A75DFA3C-97CE-4646-AAA7-9F711C8DE240}.Debug|x86.Build.0 = Debug|Any CPU
		{A75DFA3C-97CE-4646-AAA7-9F711C8DE240}.Release|Any CPU.ActiveCfg = Release|Any CPU
		{A75DFA3C-97CE-4646-AAA7-9F711C8DE240}.Release|Any CPU.Build.0 = Release|Any CPU
		{A75DFA3C-97CE-4646-AAA7-9F711C8DE240}.Release|x64.ActiveCfg = Release|Any CPU
		{A75DFA3C-97CE-4646-AAA7-9F711C8DE240}.Release|x64.Build.0 = Release|Any CPU
		{A75DFA3C-97CE-4646-AAA7-9F711C8DE240}.Release|x86.ActiveCfg = Release|Any CPU
		{A75DFA3C-97CE-4646-AAA7-9F711C8DE240}.Release|x86.Build.0 = Release|Any CPU
		{38A38CDF-16D1-400F-A50A-4AD0FF50FD15}.Debug|Any CPU.ActiveCfg = Debug|Any CPU
		{38A38CDF-16D1-400F-A50A-4AD0FF50FD15}.Debug|Any CPU.Build.0 = Debug|Any CPU
		{38A38CDF-16D1-400F-A50A-4AD0FF50FD15}.Debug|x64.ActiveCfg = Debug|Any CPU
		{38A38CDF-16D1-400F-A50A-4AD0FF50FD15}.Debug|x64.Build.0 = Debug|Any CPU
		{38A38CDF-16D1-400F-A50A-4AD0FF50FD15}.Debug|x86.ActiveCfg = Debug|Any CPU
		{38A38CDF-16D1-400F-A50A-4AD0FF50FD15}.Debug|x86.Build.0 = Debug|Any CPU
		{38A38CDF-16D1-400F-A50A-4AD0FF50FD15}.Release|Any CPU.ActiveCfg = Release|Any CPU
		{38A38CDF-16D1-400F-A50A-4AD0FF50FD15}.Release|Any CPU.Build.0 = Release|Any CPU
		{38A38CDF-16D1-400F-A50A-4AD0FF50FD15}.Release|x64.ActiveCfg = Release|Any CPU
		{38A38CDF-16D1-400F-A50A-4AD0FF50FD15}.Release|x64.Build.0 = Release|Any CPU
		{38A38CDF-16D1-400F-A50A-4AD0FF50FD15}.Release|x86.ActiveCfg = Release|Any CPU
		{38A38CDF-16D1-400F-A50A-4AD0FF50FD15}.Release|x86.Build.0 = Release|Any CPU
		{6B7F8A35-EC23-4D6B-B95A-1B96F5028C44}.Debug|Any CPU.ActiveCfg = Debug|Any CPU
		{6B7F8A35-EC23-4D6B-B95A-1B96F5028C44}.Debug|Any CPU.Build.0 = Debug|Any CPU
		{6B7F8A35-EC23-4D6B-B95A-1B96F5028C44}.Debug|x64.ActiveCfg = Debug|Any CPU
		{6B7F8A35-EC23-4D6B-B95A-1B96F5028C44}.Debug|x64.Build.0 = Debug|Any CPU
		{6B7F8A35-EC23-4D6B-B95A-1B96F5028C44}.Debug|x86.ActiveCfg = Debug|Any CPU
		{6B7F8A35-EC23-4D6B-B95A-1B96F5028C44}.Debug|x86.Build.0 = Debug|Any CPU
		{6B7F8A35-EC23-4D6B-B95A-1B96F5028C44}.Release|Any CPU.ActiveCfg = Release|Any CPU
		{6B7F8A35-EC23-4D6B-B95A-1B96F5028C44}.Release|Any CPU.Build.0 = Release|Any CPU
		{6B7F8A35-EC23-4D6B-B95A-1B96F5028C44}.Release|x64.ActiveCfg = Release|Any CPU
		{6B7F8A35-EC23-4D6B-B95A-1B96F5028C44}.Release|x64.Build.0 = Release|Any CPU
		{6B7F8A35-EC23-4D6B-B95A-1B96F5028C44}.Release|x86.ActiveCfg = Release|Any CPU
		{6B7F8A35-EC23-4D6B-B95A-1B96F5028C44}.Release|x86.Build.0 = Release|Any CPU
		{5A7B39EC-D1E6-4808-96F0-9F4A1406982C}.Debug|Any CPU.ActiveCfg = Debug|Any CPU
		{5A7B39EC-D1E6-4808-96F0-9F4A1406982C}.Debug|Any CPU.Build.0 = Debug|Any CPU
		{5A7B39EC-D1E6-4808-96F0-9F4A1406982C}.Debug|x64.ActiveCfg = Debug|Any CPU
		{5A7B39EC-D1E6-4808-96F0-9F4A1406982C}.Debug|x64.Build.0 = Debug|Any CPU
		{5A7B39EC-D1E6-4808-96F0-9F4A1406982C}.Debug|x86.ActiveCfg = Debug|Any CPU
		{5A7B39EC-D1E6-4808-96F0-9F4A1406982C}.Debug|x86.Build.0 = Debug|Any CPU
		{5A7B39EC-D1E6-4808-96F0-9F4A1406982C}.Release|Any CPU.ActiveCfg = Release|Any CPU
		{5A7B39EC-D1E6-4808-96F0-9F4A1406982C}.Release|Any CPU.Build.0 = Release|Any CPU
		{5A7B39EC-D1E6-4808-96F0-9F4A1406982C}.Release|x64.ActiveCfg = Release|Any CPU
		{5A7B39EC-D1E6-4808-96F0-9F4A1406982C}.Release|x64.Build.0 = Release|Any CPU
		{5A7B39EC-D1E6-4808-96F0-9F4A1406982C}.Release|x86.ActiveCfg = Release|Any CPU
		{5A7B39EC-D1E6-4808-96F0-9F4A1406982C}.Release|x86.Build.0 = Release|Any CPU
		{2A29CB17-952B-47F7-9206-8595ADEC8D35}.Debug|Any CPU.ActiveCfg = Debug|Any CPU
		{2A29CB17-952B-47F7-9206-8595ADEC8D35}.Debug|Any CPU.Build.0 = Debug|Any CPU
		{2A29CB17-952B-47F7-9206-8595ADEC8D35}.Debug|x64.ActiveCfg = Debug|Any CPU
		{2A29CB17-952B-47F7-9206-8595ADEC8D35}.Debug|x64.Build.0 = Debug|Any CPU
		{2A29CB17-952B-47F7-9206-8595ADEC8D35}.Debug|x86.ActiveCfg = Debug|Any CPU
		{2A29CB17-952B-47F7-9206-8595ADEC8D35}.Debug|x86.Build.0 = Debug|Any CPU
		{2A29CB17-952B-47F7-9206-8595ADEC8D35}.Release|Any CPU.ActiveCfg = Release|Any CPU
		{2A29CB17-952B-47F7-9206-8595ADEC8D35}.Release|Any CPU.Build.0 = Release|Any CPU
		{2A29CB17-952B-47F7-9206-8595ADEC8D35}.Release|x64.ActiveCfg = Release|Any CPU
		{2A29CB17-952B-47F7-9206-8595ADEC8D35}.Release|x64.Build.0 = Release|Any CPU
		{2A29CB17-952B-47F7-9206-8595ADEC8D35}.Release|x86.ActiveCfg = Release|Any CPU
		{2A29CB17-952B-47F7-9206-8595ADEC8D35}.Release|x86.Build.0 = Release|Any CPU
		{E58F8DDC-7DF6-4570-B1EF-0E687FBC6F2E}.Debug|Any CPU.ActiveCfg = Debug|Any CPU
		{E58F8DDC-7DF6-4570-B1EF-0E687FBC6F2E}.Debug|Any CPU.Build.0 = Debug|Any CPU
		{E58F8DDC-7DF6-4570-B1EF-0E687FBC6F2E}.Debug|x64.ActiveCfg = Debug|Any CPU
		{E58F8DDC-7DF6-4570-B1EF-0E687FBC6F2E}.Debug|x64.Build.0 = Debug|Any CPU
		{E58F8DDC-7DF6-4570-B1EF-0E687FBC6F2E}.Debug|x86.ActiveCfg = Debug|Any CPU
		{E58F8DDC-7DF6-4570-B1EF-0E687FBC6F2E}.Debug|x86.Build.0 = Debug|Any CPU
		{E58F8DDC-7DF6-4570-B1EF-0E687FBC6F2E}.Release|Any CPU.ActiveCfg = Release|Any CPU
		{E58F8DDC-7DF6-4570-B1EF-0E687FBC6F2E}.Release|Any CPU.Build.0 = Release|Any CPU
		{E58F8DDC-7DF6-4570-B1EF-0E687FBC6F2E}.Release|x64.ActiveCfg = Release|Any CPU
		{E58F8DDC-7DF6-4570-B1EF-0E687FBC6F2E}.Release|x64.Build.0 = Release|Any CPU
		{E58F8DDC-7DF6-4570-B1EF-0E687FBC6F2E}.Release|x86.ActiveCfg = Release|Any CPU
		{E58F8DDC-7DF6-4570-B1EF-0E687FBC6F2E}.Release|x86.Build.0 = Release|Any CPU
		{01B45245-BDB7-4FCE-A98F-7EFACAE3CDC8}.Debug|Any CPU.ActiveCfg = Debug|Any CPU
		{01B45245-BDB7-4FCE-A98F-7EFACAE3CDC8}.Debug|Any CPU.Build.0 = Debug|Any CPU
		{01B45245-BDB7-4FCE-A98F-7EFACAE3CDC8}.Debug|x64.ActiveCfg = Debug|Any CPU
		{01B45245-BDB7-4FCE-A98F-7EFACAE3CDC8}.Debug|x64.Build.0 = Debug|Any CPU
		{01B45245-BDB7-4FCE-A98F-7EFACAE3CDC8}.Debug|x86.ActiveCfg = Debug|Any CPU
		{01B45245-BDB7-4FCE-A98F-7EFACAE3CDC8}.Debug|x86.Build.0 = Debug|Any CPU
		{01B45245-BDB7-4FCE-A98F-7EFACAE3CDC8}.Release|Any CPU.ActiveCfg = Release|Any CPU
		{01B45245-BDB7-4FCE-A98F-7EFACAE3CDC8}.Release|Any CPU.Build.0 = Release|Any CPU
		{01B45245-BDB7-4FCE-A98F-7EFACAE3CDC8}.Release|x64.ActiveCfg = Release|Any CPU
		{01B45245-BDB7-4FCE-A98F-7EFACAE3CDC8}.Release|x64.Build.0 = Release|Any CPU
		{01B45245-BDB7-4FCE-A98F-7EFACAE3CDC8}.Release|x86.ActiveCfg = Release|Any CPU
		{01B45245-BDB7-4FCE-A98F-7EFACAE3CDC8}.Release|x86.Build.0 = Release|Any CPU
	EndGlobalSection
	GlobalSection(SolutionProperties) = preSolution
		HideSolutionNode = FALSE
	EndGlobalSection
	GlobalSection(NestedProjects) = preSolution
		{CCC4F69F-F067-441A-BAC5-CAACB8A93C7C} = {827E0CD3-B72D-47B6-A68D-7590B98EB39B}
		{96772120-FC26-4C30-A167-064FA1641FED} = {827E0CD3-B72D-47B6-A68D-7590B98EB39B}
		{5D349477-111F-4E7B-8D31-F8A66ABA7FE9} = {827E0CD3-B72D-47B6-A68D-7590B98EB39B}
		{44DD2D98-0F0F-4009-AA17-90302D09BED5} = {827E0CD3-B72D-47B6-A68D-7590B98EB39B}
		{A75DFA3C-97CE-4646-AAA7-9F711C8DE240} = {827E0CD3-B72D-47B6-A68D-7590B98EB39B}
		{38A38CDF-16D1-400F-A50A-4AD0FF50FD15} = {827E0CD3-B72D-47B6-A68D-7590B98EB39B}
		{6B7F8A35-EC23-4D6B-B95A-1B96F5028C44} = {827E0CD3-B72D-47B6-A68D-7590B98EB39B}
		{5A7B39EC-D1E6-4808-96F0-9F4A1406982C} = {0AB3BF05-4346-4AA6-1389-037BE0695223}
		{2A29CB17-952B-47F7-9206-8595ADEC8D35} = {0AB3BF05-4346-4AA6-1389-037BE0695223}
		{E58F8DDC-7DF6-4570-B1EF-0E687FBC6F2E} = {07C2787E-EAC7-C090-1BA3-A61EC2A24D84}
		{01B45245-BDB7-4FCE-A98F-7EFACAE3CDC8} = {07C2787E-EAC7-C090-1BA3-A61EC2A24D84}
	EndGlobalSection
EndGlobal
